
Microsoft Visual Studio Solution File, Format Version 12.00
# Visual Studio Version 17
VisualStudioVersion = 17.14.36623.8 d17.14
MinimumVisualStudioVersion = 10.0.40219.1
Project("{FAE04EC0-301F-11D3-BF4B-00C04F79EFBC}") = "PackageExpress", "PackageExpress\PackageExpress.csproj", "{F1D6F819-A274-4D7E-A18C-A2C9CDB54F97}"
EndProject
Global
	GlobalSection(SolutionConfigurationPlatforms) = preSolution
		Debug|Any CPU = Debug|Any CPU
		Release|Any CPU = Release|Any CPU
	EndGlobalSection
	GlobalSection(ProjectConfigurationPlatforms) = postSolution
		{F1D6F819-A274-4D7E-A18C-A2C9CDB54F97}.Debug|Any CPU.ActiveCfg = Debug|Any CPU
		{F1D6F819-A274-4D7E-A18C-A2C9CDB54F97}.Debug|Any CPU.Build.0 = Debug|Any CPU
		{F1D6F819-A274-4D7E-A18C-A2C9CDB54F97}.Release|Any CPU.ActiveCfg = Release|Any CPU
		{F1D6F819-A274-4D7E-A18C-A2C9CDB54F97}.Release|Any CPU.Build.0 = Release|Any CPU
	EndGlobalSection
	GlobalSection(SolutionProperties) = preSolution
		HideSolutionNode = FALSE
	EndGlobalSection
	GlobalSection(ExtensibilityGlobals) = postSolution
		SolutionGuid = {7965ED37-9718-4012-8668-478814602761}
	EndGlobalSection
EndGlobal
